// !$*UTF8*$!
{
	archiveVersion = 1;
	classes = {
	};
	objectVersion = 50;
	objects = {

/* Begin PBXBuildFile section */
		7954B14324E1CDD400B876B7 /* AppDelegate.swift in Sources */ = {isa = PBXBuildFile; fileRef = 7954B14224E1CDD400B876B7 /* AppDelegate.swift */; };
		7954B14524E1CDD400B876B7 /* SceneDelegate.swift in Sources */ = {isa = PBXBuildFile; fileRef = 7954B14424E1CDD400B876B7 /* SceneDelegate.swift */; };
		7954B14A24E1CDD400B876B7 /* Main.storyboard in Resources */ = {isa = PBXBuildFile; fileRef = 7954B14824E1CDD400B876B7 /* Main.storyboard */; };
		7954B14D24E1CDD400B876B7 /* ToDoList.xcdatamodeld in Sources */ = {isa = PBXBuildFile; fileRef = 7954B14B24E1CDD400B876B7 /* ToDoList.xcdatamodeld */; };
		7954B14F24E1CDDA00B876B7 /* Assets.xcassets in Resources */ = {isa = PBXBuildFile; fileRef = 7954B14E24E1CDDA00B876B7 /* Assets.xcassets */; };
		7954B15224E1CDDA00B876B7 /* LaunchScreen.storyboard in Resources */ = {isa = PBXBuildFile; fileRef = 7954B15024E1CDDA00B876B7 /* LaunchScreen.storyboard */; };
		7954B15C24E1D9D100B876B7 /* ToDoTableViewController.swift in Sources */ = {isa = PBXBuildFile; fileRef = 7954B15B24E1D9D100B876B7 /* ToDoTableViewController.swift */; };
		7954B15E24E1DA2200B876B7 /* ToDo.swift in Sources */ = {isa = PBXBuildFile; fileRef = 7954B15D24E1DA2200B876B7 /* ToDo.swift */; };
/* End PBXBuildFile section */

/* Begin PBXFileReference section */
		7954B13F24E1CDD400B876B7 /* ToDoList.app */ = {isa = PBXFileReference; explicitFileType = wrapper.application; includeInIndex = 0; path = ToDoList.app; sourceTree = BUILT_PRODUCTS_DIR; };
		7954B14224E1CDD400B876B7 /* AppDelegate.swift */ = {isa = PBXFileReference; lastKnownFileType = sourcecode.swift; path = AppDelegate.swift; sourceTree = "<group>"; };
		7954B14424E1CDD400B876B7 /* SceneDelegate.swift */ = {isa = PBXFileReference; lastKnownFileType = sourcecode.swift; path = SceneDelegate.swift; sourceTree = "<group>"; };
		7954B14924E1CDD400B876B7 /* Base */ = {isa = PBXFileReference; lastKnownFileType = file.storyboard; name = Base; path = Base.lproj/Main.storyboard; sourceTree = "<group>"; };
		7954B14C24E1CDD400B876B7 /* ToDoList.xcdatamodel */ = {isa = PBXFileReference; lastKnownFileType = wrapper.xcdatamodel; path = ToDoList.xcdatamodel; sourceTree = "<group>"; };
		7954B14E24E1CDDA00B876B7 /* Assets.xcassets */ = {isa = PBXFileReference; lastKnownFileType = folder.assetcatalog; path = Assets.xcassets; sourceTree = "<group>"; };
		7954B15124E1CDDA00B876B7 /* Base */ = {isa = PBXFileReference; lastKnownFileType = file.storyboard; name = Base; path = Base.lproj/LaunchScreen.storyboard; sourceTree = "<group>"; };
		7954B15324E1CDDA00B876B7 /* Info.plist */ = {isa = PBXFileReference; lastKnownFileType = text.plist.xml; path = Info.plist; sourceTree = "<group>"; };
		7954B15B24E1D9D100B876B7 /* ToDoTableViewController.swift */ = {isa = PBXFileReference; lastKnownFileType = sourcecode.swift; path = ToDoTableViewController.swift; sourceTree = "<group>"; };
		7954B15D24E1DA2200B876B7 /* ToDo.swift */ = {isa = PBXFileReference; lastKnownFileType = sourcecode.swift; path = ToDo.swift; sourceTree = "<group>"; };
/* End PBXFileReference section */

/* Begin PBXFrameworksBuildPhase section */
		7954B13C24E1CDD400B876B7 /* Frameworks */ = {
			isa = PBXFrameworksBuildPhase;
			buildActionMask = 2147483647;
			files = (
			);
			runOnlyForDeploymentPostprocessing = 0;
		};
/* End PBXFrameworksBuildPhase section */

/* Begin PBXGroup section */
		7954B13624E1CDD400B876B7 = {
			isa = PBXGroup;
			children = (
				7954B15B24E1D9D100B876B7 /* ToDoTableViewController.swift */,
				7954B14124E1CDD400B876B7 /* ToDoList */,
				7954B14024E1CDD400B876B7 /* Products */,
			);
			sourceTree = "<group>";
		};
		7954B14024E1CDD400B876B7 /* Products */ = {
			isa = PBXGroup;
			children = (
				7954B13F24E1CDD400B876B7 /* ToDoList.app */,
			);
			name = Products;
			sourceTree = "<group>";
		};
		7954B14124E1CDD400B876B7 /* ToDoList */ = {
			isa = PBXGroup;
			children = (
				7954B14224E1CDD400B876B7 /* AppDelegate.swift */,
				7954B14424E1CDD400B876B7 /* SceneDelegate.swift */,
				7954B14824E1CDD400B876B7 /* Main.storyboard */,
				7954B15D24E1DA2200B876B7 /* ToDo.swift */,
				7954B14E24E1CDDA00B876B7 /* Assets.xcassets */,
				7954B15024E1CDDA00B876B7 /* LaunchScreen.storyboard */,
				7954B15324E1CDDA00B876B7 /* Info.plist */,
				7954B14B24E1CDD400B876B7 /* ToDoList.xcdatamodeld */,
			);
			path = ToDoList;
			sourceTree = "<group>";
		};
/* End PBXGroup section */

/* Begin PBXNativeTarget section */
		7954B13E24E1CDD400B876B7 /* ToDoList */ = {
			isa = PBXNativeTarget;
			buildConfigurationList = 7954B15624E1CDDA00B876B7 /* Build configuration list for PBXNativeTarget "ToDoList" */;
			buildPhases = (
				7954B13B24E1CDD400B876B7 /* Sources */,
				7954B13C24E1CDD400B876B7 /* Frameworks */,
				7954B13D24E1CDD400B876B7 /* Resources */,
			);
			buildRules = (
			);
			dependencies = (
			);
			name = ToDoList;
			productName = ToDoList;
			productReference = 7954B13F24E1CDD400B876B7 /* ToDoList.app */;
			productType = "com.apple.product-type.application";
		};
/* End PBXNativeTarget section */

/* Begin PBXProject section */
		7954B13724E1CDD400B876B7 /* Project object */ = {
			isa = PBXProject;
			attributes = {
				LastSwiftUpdateCheck = 1160;
				LastUpgradeCheck = 1160;
				ORGANIZATIONNAME = "Anna Waldbaum";
				TargetAttributes = {
					7954B13E24E1CDD400B876B7 = {
						CreatedOnToolsVersion = 11.6;
					};
				};
			};
			buildConfigurationList = 7954B13A24E1CDD400B876B7 /* Build configuration list for PBXProject "ToDoList" */;
			compatibilityVersion = "Xcode 9.3";
			developmentRegion = en;
			hasScannedForEncodings = 0;
			knownRegions = (
				en,
				Base,
			);
			mainGroup = 7954B13624E1CDD400B876B7;
			productRefGroup = 7954B14024E1CDD400B876B7 /* Products */;
			projectDirPath = "";
			projectRoot = "";
			targets = (
				7954B13E24E1CDD400B876B7 /* ToDoList */,
			);
		};
/* End PBXProject section */

/* Begin PBXResourcesBuildPhase section */
		7954B13D24E1CDD400B876B7 /* Resources */ = {
			isa = PBXResourcesBuildPhase;
			buildActionMask = 2147483647;
			files = (
				7954B15224E1CDDA00B876B7 /* LaunchScreen.storyboard in Resources */,
				7954B14F24E1CDDA00B876B7 /* Assets.xcassets in Resources */,
				7954B14A24E1CDD400B876B7 /* Main.storyboard in Resources */,
			);
			runOnlyForDeploymentPostprocessing = 0;
		};
/* End PBXResourcesBuildPhase section */

/* Begin PBXSourcesBuildPhase section */
		7954B13B24E1CDD400B876B7 /* Sources */ = {
			isa = PBXSourcesBuildPhase;
			buildActionMask = 2147483647;
			files = (
				7954B14324E1CDD400B876B7 /* AppDelegate.swift in Sources */,
				7954B15E24E1DA2200B876B7 /* ToDo.swift in Sources */,
				7954B15C24E1D9D100B876B7 /* ToDoTableViewController.swift in Sources */,
				7954B14524E1CDD400B876B7 /* SceneDelegate.swift in Sources */,
				7954B14D24E1CDD400B876B7 /* ToDoList.xcdatamodeld in Sources */,
			);
			runOnlyForDeploymentPostprocessing = 0;
		};
/* End PBXSourcesBuildPhase section */

/* Begin PBXVariantGroup section */
		7954B14824E1CDD400B876B7 /* Main.storyboard */ = {
			isa = PBXVariantGroup;
			children = (
				7954B14924E1CDD400B876B7 /* Base */,
			);
			name = Main.storyboard;
			sourceTree = "<group>";
		};
		7954B15024E1CDDA00B876B7 /* LaunchScreen.storyboard */ = {
			isa = PBXVariantGroup;
			children = (
				7954B15124E1CDDA00B876B7 /* Base */,
			);
			name = LaunchScreen.storyboard;
			sourceTree = "<group>";
		};
/* End PBXVariantGroup section */

/* Begin XCBuildConfiguration section */
		7954B15424E1CDDA00B876B7 /* Debug */ = {
			isa = XCBuildConfiguration;
			buildSettings = {
				ALWAYS_SEARCH_USER_PATHS = NO;
				CLANG_ANALYZER_NONNULL = YES;
				CLANG_ANALYZER_NUMBER_OBJECT_CONVERSION = YES_AGGRESSIVE;
				CLANG_CXX_LANGUAGE_STANDARD = "gnu++14";
				CLANG_CXX_LIBRARY = "libc++";
				CLANG_ENABLE_MODULES = YES;
				CLANG_ENABLE_OBJC_ARC = YES;
				CLANG_ENABLE_OBJC_WEAK = YES;
				CLANG_WARN_BLOCK_CAPTURE_AUTORELEASING = YES;
				CLANG_WARN_BOOL_CONVERSION = YES;
				CLANG_WARN_COMMA = YES;
				CLANG_WARN_CONSTANT_CONVERSION = YES;
				CLANG_WARN_DEPRECATED_OBJC_IMPLEMENTATIONS = YES;
				CLANG_WARN_DIRECT_OBJC_ISA_USAGE = YES_ERROR;
				CLANG_WARN_DOCUMENTATION_COMMENTS = YES;
				CLANG_WARN_EMPTY_BODY = YES;
				CLANG_WARN_ENUM_CONVERSION = YES;
				CLANG_WARN_INFINITE_RECURSION = YES;
				CLANG_WARN_INT_CONVERSION = YES;
				CLANG_WARN_NON_LITERAL_NULL_CONVERSION = YES;
				CLANG_WARN_OBJC_IMPLICIT_RETAIN_SELF = YES;
				CLANG_WARN_OBJC_LITERAL_CONVERSION = YES;
				CLANG_WARN_OBJC_ROOT_CLASS = YES_ERROR;
				CLANG_WARN_RANGE_LOOP_ANALYSIS = YES;
				CLANG_WARN_STRICT_PROTOTYPES = YES;
				CLANG_WARN_SUSPICIOUS_MOVE = YES;
				CLANG_WARN_UNGUARDED_AVAILABILITY = YES_AGGRESSIVE;
				CLANG_WARN_UNREACHABLE_CODE = YES;
				CLANG_WARN__DUPLICATE_METHOD_MATCH = YES;
				COPY_PHASE_STRIP = NO;
				DEBUG_INFORMATION_FORMAT = dwarf;
				ENABLE_STRICT_OBJC_MSGSEND = YES;
				ENABLE_TESTABILITY = YES;
				GCC_C_LANGUAGE_STANDARD = gnu11;
				GCC_DYNAMIC_NO_PIC = NO;
				GCC_NO_COMMON_BLOCKS = YES;
				GCC_OPTIMIZATION_LEVEL = 0;
				GCC_PREPROCESSOR_DEFINITIONS = (
					"DEBUG=1",
					"$(inherited)",
				);
				GCC_WARN_64_TO_32_BIT_CONVERSION = YES;
				GCC_WARN_ABOUT_RETURN_TYPE = YES_ERROR;
				GCC_WARN_UNDECLARED_SELECTOR = YES;
				GCC_WARN_UNINITIALIZED_AUTOS = YES_AGGRESSIVE;
				GCC_WARN_UNUSED_FUNCTION = YES;
				GCC_WARN_UNUSED_VARIABLE = YES;
				IPHONEOS_DEPLOYMENT_TARGET = 13.6;
				MTL_ENABLE_DEBUG_INFO = INCLUDE_SOURCE;
				MTL_FAST_MATH = YES;
				ONLY_ACTIVE_ARCH = YES;
				SDKROOT = iphoneos;
				SWIFT_ACTIVE_COMPILATION_CONDITIONS = DEBUG;
				SWIFT_OPTIMIZATION_LEVEL = "-Onone";
			};
			name = Debug;
		};
		7954B15524E1CDDA00B876B7 /* Release */ = {
			isa = XCBuildConfiguration;
			buildSettings = {
				ALWAYS_SEARCH_USER_PATHS = NO;
				CLANG_ANALYZER_NONNULL = YES;
				CLANG_ANALYZER_NUMBER_OBJECT_CONVERSION = YES_AGGRESSIVE;
				CLANG_CXX_LANGUAGE_STANDARD = "gnu++14";
				CLANG_CXX_LIBRARY = "libc++";
				CLANG_ENABLE_MODULES = YES;
				CLANG_ENABLE_OBJC_ARC = YES;
				CLANG_ENABLE_OBJC_WEAK = YES;
				CLANG_WARN_BLOCK_CAPTURE_AUTORELEASING = YES;
				CLANG_WARN_BOOL_CONVERSION = YES;
				CLANG_WARN_COMMA = YES;
				CLANG_WARN_CONSTANT_CONVERSION = YES;
				CLANG_WARN_DEPRECATED_OBJC_IMPLEMENTATIONS = YES;
				CLANG_WARN_DIRECT_OBJC_ISA_USAGE = YES_ERROR;
				CLANG_WARN_DOCUMENTATION_COMMENTS = YES;
				CLANG_WARN_EMPTY_BODY = YES;
				CLANG_WARN_ENUM_CONVERSION = YES;
				CLANG_WARN_INFINITE_RECURSION = YES;
				CLANG_WARN_INT_CONVERSION = YES;
				CLANG_WARN_NON_LITERAL_NULL_CONVERSION = YES;
				CLANG_WARN_OBJC_IMPLICIT_RETAIN_SELF = YES;
				CLANG_WARN_OBJC_LITERAL_CONVERSION = YES;
				CLANG_WARN_OBJC_ROOT_CLASS = YES_ERROR;
				CLANG_WARN_RANGE_LOOP_ANALYSIS = YES;
				CLANG_WARN_STRICT_PROTOTYPES = YES;
				CLANG_WARN_SUSPICIOUS_MOVE = YES;
				CLANG_WARN_UNGUARDED_AVAILABILITY = YES_AGGRESSIVE;
				CLANG_WARN_UNREACHABLE_CODE = YES;
				CLANG_WARN__DUPLICATE_METHOD_MATCH = YES;
				COPY_PHASE_STRIP = NO;
				DEBUG_INFORMATION_FORMAT = "dwarf-with-dsym";
				ENABLE_NS_ASSERTIONS = NO;
				ENABLE_STRICT_OBJC_MSGSEND = YES;
				GCC_C_LANGUAGE_STANDARD = gnu11;
				GCC_NO_COMMON_BLOCKS = YES;
				GCC_WARN_64_TO_32_BIT_CONVERSION = YES;
				GCC_WARN_ABOUT_RETURN_TYPE = YES_ERROR;
				GCC_WARN_UNDECLARED_SELECTOR = YES;
				GCC_WARN_UNINITIALIZED_AUTOS = YES_AGGRESSIVE;
				GCC_WARN_UNUSED_FUNCTION = YES;
				GCC_WARN_UNUSED_VARIABLE = YES;
				IPHONEOS_DEPLOYMENT_TARGET = 13.6;
				MTL_ENABLE_DEBUG_INFO = NO;
				MTL_FAST_MATH = YES;
				SDKROOT = iphoneos;
				SWIFT_COMPILATION_MODE = wholemodule;
				SWIFT_OPTIMIZATION_LEVEL = "-O";
				VALIDATE_PRODUCT = YES;
			};
			name = Release;
		};
		7954B15724E1CDDA00B876B7 /* Debug */ = {
			isa = XCBuildConfiguration;
			buildSettings = {
				ASSETCATALOG_COMPILER_APPICON_NAME = AppIcon;
				CODE_SIGN_STYLE = Automatic;
				INFOPLIST_FILE = ToDoList/Info.plist;
				LD_RUNPATH_SEARCH_PATHS = (
					"$(inherited)",
					"@executable_path/Frameworks",
				);
				PRODUCT_BUNDLE_IDENTIFIER = Kwk.ToDoList;
				PRODUCT_NAME = "$(TARGET_NAME)";
				SWIFT_VERSION = 5.0;
				TARGETED_DEVICE_FAMILY = "1,2";
			};
			name = Debug;
		};
		7954B15824E1CDDA00B876B7 /* Release */ = {
			isa = XCBuildConfiguration;
			buildSettings = {
				ASSETCATALOG_COMPILER_APPICON_NAME = AppIcon;
				CODE_SIGN_STYLE = Automatic;
				INFOPLIST_FILE = ToDoList/Info.plist;
				LD_RUNPATH_SEARCH_PATHS = (
					"$(inherited)",
					"@executable_path/Frameworks",
				);
				PRODUCT_BUNDLE_IDENTIFIER = Kwk.ToDoList;
				PRODUCT_NAME = "$(TARGET_NAME)";
				SWIFT_VERSION = 5.0;
				TARGETED_DEVICE_FAMILY = "1,2";
			};
			name = Release;
		};
/* End XCBuildConfiguration section */

/* Begin XCConfigurationList section */
		7954B13A24E1CDD400B876B7 /* Build configuration list for PBXProject "ToDoList" */ = {
			isa = XCConfigurationList;
			buildConfigurations = (
				7954B15424E1CDDA00B876B7 /* Debug */,
				7954B15524E1CDDA00B876B7 /* Release */,
			);
			defaultConfigurationIsVisible = 0;
			defaultConfigurationName = Release;
		};
		7954B15624E1CDDA00B876B7 /* Build configuration list for PBXNativeTarget "ToDoList" */ = {
			isa = XCConfigurationList;
			buildConfigurations = (
				7954B15724E1CDDA00B876B7 /* Debug */,
				7954B15824E1CDDA00B876B7 /* Release */,
			);
			defaultConfigurationIsVisible = 0;
			defaultConfigurationName = Release;
		};
/* End XCConfigurationList section */

/* Begin XCVersionGroup section */
		7954B14B24E1CDD400B876B7 /* ToDoList.xcdatamodeld */ = {
			isa = XCVersionGroup;
			children = (
				7954B14C24E1CDD400B876B7 /* ToDoList.xcdatamodel */,
			);
			currentVersion = 7954B14C24E1CDD400B876B7 /* ToDoList.xcdatamodel */;
			path = ToDoList.xcdatamodeld;
			sourceTree = "<group>";
			versionGroupType = wrapper.xcdatamodel;
		};
/* End XCVersionGroup section */
	};
	rootObject = 7954B13724E1CDD400B876B7 /* Project object */;
}
